
Microsoft Visual Studio Solution File, Format Version 12.00
# Visual Studio Version 17
VisualStudioVersion = 17.9.34622.214
MinimumVisualStudioVersion = 10.0.40219.1
Project("{FAE04EC0-301F-11D3-BF4B-00C04F79EFBC}") = "IFConsole", "IFConsole\IFConsole.csproj", "{EC45E6E1-D037-421F-BFD1-246C71A94DF5}"
EndProject
Global
	GlobalSection(SolutionConfigurationPlatforms) = preSolution
		Debug|Any CPU = Debug|Any CPU
		Release|Any CPU = Release|Any CPU
	EndGlobalSection
	GlobalSection(ProjectConfigurationPlatforms) = postSolution
		{EC45E6E1-D037-421F-BFD1-246C71A94DF5}.Debug|Any CPU.ActiveCfg = Debug|Any CPU
		{EC45E6E1-D037-421F-BFD1-246C71A94DF5}.Debug|Any CPU.Build.0 = Debug|Any CPU
		{EC45E6E1-D037-421F-BFD1-246C71A94DF5}.Release|Any CPU.ActiveCfg = Release|Any CPU
		{EC45E6E1-D037-421F-BFD1-246C71A94DF5}.Release|Any CPU.Build.0 = Release|Any CPU
	EndGlobalSection
	GlobalSection(SolutionProperties) = preSolution
		HideSolutionNode = FALSE
	EndGlobalSection
	GlobalSection(ExtensibilityGlobals) = postSolution
		SolutionGuid = {D0932D16-E95F-4A1F-87EE-B0B1AE365884}
	EndGlobalSection
EndGlobal
